
Microsoft Visual Studio Solution File, Format Version 12.00
Project("{FAE04EC0-301F-11D3-BF4B-00C04F79EFBC}") = "HOI4Announcer", "HOI4Announcer.csproj", "{C2EDB95A-E428-4CC2-AB97-D0EC2D390DF2}"
EndProject
Global
	GlobalSection(SolutionConfigurationPlatforms) = preSolution
		Debug|Any CPU = Debug|Any CPU
		Release|Any CPU = Release|Any CPU
	EndGlobalSection
	GlobalSection(ProjectConfigurationPlatforms) = postSolution
		{C2EDB95A-E428-4CC2-AB97-D0EC2D390DF2}.Debug|Any CPU.ActiveCfg = Debug|Any CPU
		{C2EDB95A-E428-4CC2-AB97-D0EC2D390DF2}.Debug|Any CPU.Build.0 = Debug|Any CPU
		{C2EDB95A-E428-4CC2-AB97-D0EC2D390DF2}.Release|Any CPU.ActiveCfg = Release|Any CPU
		{C2EDB95A-E428-4CC2-AB97-D0EC2D390DF2}.Release|Any CPU.Build.0 = Release|Any CPU
	EndGlobalSection
EndGlobal
